# This file was autogenerated by Stack.
# You should not edit this file by hand.
# For more information, please see the documentation at:
#   https://docs.haskellstack.org/en/stable/lock_files

packages: []
snapshots:
- completed:
    size: 604770
    url: https://raw.githubusercontent.com/commercialhaskell/stackage-snapshots/master/nightly/2022/2/12.yaml
    sha256: a91681fc48fadce5dc56dc2d37070116bc0765459b2cc70226242b778a27ab89
  original: nightly-2022-02-12
