{
  "name": "osdev-wiki",
  "lockfileVersion": 2,
  "requires": true,
  "packages": {
    "": {
      "name": "osdev-wiki",
      "license": "CC0-1.0",
      "dependencies": {
        "@antora/lunr-extension": "gitlab:antora/antora-lunr-extension",
        "asciidoctor-kroki": "^0.14.0"
      }
    },
    "node_modules/@antora/lunr-extension": {
      "version": "1.0.0-alpha.0",
      "resolved": "git+ssh://git@gitlab.com/antora/antora-lunr-extension.git#ac2ac06af5a62fec5c9cf6cde81748482d58bb95",
      "license": "MIT",
      "dependencies": {
        "cheerio": "1.0.0-rc.10",
        "html-entities": "~2.3",
        "lunr": "2.3.8",
        "lunr-languages": "~1.9"
      },
      "engines": {
        "node": ">=16.0.0"
      }
    },
    "node_modules/@asciidoctor/core": {
      "version": "2.2.5",
      "resolved": "https://registry.npmjs.org/@asciidoctor/core/-/core-2.2.5.tgz",
      "integrity": "sha512-jtQPQ5EivgFbwvSyGKas4ANnMGGHPbmu791H9xrZKooA65JNI30jM2em5MvUXTTetSPgb6saUf+PJibEuSB6uw==",
      "peer": true,
      "dependencies": {
        "asciidoctor-opal-runtime": "0.3.3",
        "unxhr": "1.0.1"
      },
      "engines": {
        "node": ">=8.11",
        "npm": ">=5.0.0",
        "yarn": ">=1.1.0"
      }
    },
    "node_modules/asciidoctor-kroki": {
      "version": "0.14.0",
      "resolved": "https://registry.npmjs.org/asciidoctor-kroki/-/asciidoctor-kroki-0.14.0.tgz",
      "integrity": "sha512-rdFCPgGMBAROIpqUxgBi65AvWMKapZksp+W8aeOgZJrgT9FGQk3iECZJV9hzSmPajN8y1XT1jbJSfd5r/nBD2A==",
      "dependencies": {
        "json5": "^2.1.3",
        "mkdirp": "^1.0.4",
        "pako": "^2.0.3",
        "rusha": "^0.8.13",
        "unxhr": "1.2.0"
      },
      "engines": {
        "node": ">=10"
      },
      "peerDependencies": {
        "@asciidoctor/core": "^2.0.0"
      }
    },
    "node_modules/asciidoctor-kroki/node_modules/unxhr": {
      "version": "1.2.0",
      "resolved": "https://registry.npmjs.org/unxhr/-/unxhr-1.2.0.tgz",
      "integrity": "sha512-6cGpm8NFXPD9QbSNx0cD2giy7teZ6xOkCUH3U89WKVkL9N9rBrWjlCwhR94Re18ZlAop4MOc3WU1M3Hv/bgpIw==",
      "engines": {
        "node": ">=8.11"
      }
    },
    "node_modules/asciidoctor-opal-runtime": {
      "version": "0.3.3",
      "resolved": "https://registry.npmjs.org/asciidoctor-opal-runtime/-/asciidoctor-opal-runtime-0.3.3.tgz",
      "integrity": "sha512-/CEVNiOia8E5BMO9FLooo+Kv18K4+4JBFRJp8vUy/N5dMRAg+fRNV4HA+o6aoSC79jVU/aT5XvUpxSxSsTS8FQ==",
      "peer": true,
      "dependencies": {
        "glob": "7.1.3",
        "unxhr": "1.0.1"
      },
      "engines": {
        "node": ">=8.11"
      }
    },
    "node_modules/balanced-match": {
      "version": "1.0.2",
      "resolved": "https://registry.npmjs.org/balanced-match/-/balanced-match-1.0.2.tgz",
      "integrity": "sha512-3oSeUO0TMV67hN1AmbXsK4yaqU7tjiHlbxRDZOpH0KW9+CeX4bRAaX0Anxt0tx2MrpRpWwQaPwIlISEJhYU5Pw==",
      "peer": true
    },
    "node_modules/boolbase": {
      "version": "1.0.0",
      "resolved": "https://registry.npmjs.org/boolbase/-/boolbase-1.0.0.tgz",
      "integrity": "sha1-aN/1++YMUes3cl6p4+0xDcwed24="
    },
    "node_modules/brace-expansion": {
      "version": "1.1.11",
      "resolved": "https://registry.npmjs.org/brace-expansion/-/brace-expansion-1.1.11.tgz",
      "integrity": "sha512-iCuPHDFgrHX7H2vEI/5xpz07zSHB00TpugqhmYtVmMO6518mCuRMoOYFldEBl0g187ufozdaHgWKcYFb61qGiA==",
      "peer": true,
      "dependencies": {
        "balanced-match": "^1.0.0",
        "concat-map": "0.0.1"
      }
    },
    "node_modules/cheerio": {
      "version": "1.0.0-rc.10",
      "resolved": "https://registry.npmjs.org/cheerio/-/cheerio-1.0.0-rc.10.tgz",
      "integrity": "sha512-g0J0q/O6mW8z5zxQ3A8E8J1hUgp4SMOvEoW/x84OwyHKe/Zccz83PVT4y5Crcr530FV6NgmKI1qvGTKVl9XXVw==",
      "dependencies": {
        "cheerio-select": "^1.5.0",
        "dom-serializer": "^1.3.2",
        "domhandler": "^4.2.0",
        "htmlparser2": "^6.1.0",
        "parse5": "^6.0.1",
        "parse5-htmlparser2-tree-adapter": "^6.0.1",
        "tslib": "^2.2.0"
      },
      "engines": {
        "node": ">= 6"
      },
      "funding": {
        "url": "https://github.com/cheeriojs/cheerio?sponsor=1"
      }
    },
    "node_modules/cheerio-select": {
      "version": "1.5.0",
      "resolved": "https://registry.npmjs.org/cheerio-select/-/cheerio-select-1.5.0.tgz",
      "integrity": "sha512-qocaHPv5ypefh6YNxvnbABM07KMxExbtbfuJoIie3iZXX1ERwYmJcIiRrr9H05ucQP1k28dav8rpdDgjQd8drg==",
      "dependencies": {
        "css-select": "^4.1.3",
        "css-what": "^5.0.1",
        "domelementtype": "^2.2.0",
        "domhandler": "^4.2.0",
        "domutils": "^2.7.0"
      },
      "funding": {
        "url": "https://github.com/sponsors/fb55"
      }
    },
    "node_modules/concat-map": {
      "version": "0.0.1",
      "resolved": "https://registry.npmjs.org/concat-map/-/concat-map-0.0.1.tgz",
      "integrity": "sha1-2Klr13/Wjfd5OnMDajug1UBdR3s=",
      "peer": true
    },
    "node_modules/css-select": {
      "version": "4.1.3",
      "resolved": "https://registry.npmjs.org/css-select/-/css-select-4.1.3.tgz",
      "integrity": "sha512-gT3wBNd9Nj49rAbmtFHj1cljIAOLYSX1nZ8CB7TBO3INYckygm5B7LISU/szY//YmdiSLbJvDLOx9VnMVpMBxA==",
      "dependencies": {
        "boolbase": "^1.0.0",
        "css-what": "^5.0.0",
        "domhandler": "^4.2.0",
        "domutils": "^2.6.0",
        "nth-check": "^2.0.0"
      },
      "funding": {
        "url": "https://github.com/sponsors/fb55"
      }
    },
    "node_modules/css-what": {
      "version": "5.1.0",
      "resolved": "https://registry.npmjs.org/css-what/-/css-what-5.1.0.tgz",
      "integrity": "sha512-arSMRWIIFY0hV8pIxZMEfmMI47Wj3R/aWpZDDxWYCPEiOMv6tfOrnpDtgxBYPEQD4V0Y/958+1TdC3iWTFcUPw==",
      "engines": {
        "node": ">= 6"
      },
      "funding": {
        "url": "https://github.com/sponsors/fb55"
      }
    },
    "node_modules/dom-serializer": {
      "version": "1.3.2",
      "resolved": "https://registry.npmjs.org/dom-serializer/-/dom-serializer-1.3.2.tgz",
      "integrity": "sha512-5c54Bk5Dw4qAxNOI1pFEizPSjVsx5+bpJKmL2kPn8JhBUq2q09tTCa3mjijun2NfK78NMouDYNMBkOrPZiS+ig==",
      "dependencies": {
        "domelementtype": "^2.0.1",
        "domhandler": "^4.2.0",
        "entities": "^2.0.0"
      },
      "funding": {
        "url": "https://github.com/cheeriojs/dom-serializer?sponsor=1"
      }
    },
    "node_modules/domelementtype": {
      "version": "2.2.0",
      "resolved": "https://registry.npmjs.org/domelementtype/-/domelementtype-2.2.0.tgz",
      "integrity": "sha512-DtBMo82pv1dFtUmHyr48beiuq792Sxohr+8Hm9zoxklYPfa6n0Z3Byjj2IV7bmr2IyqClnqEQhfgHJJ5QF0R5A==",
      "funding": [
        {
          "type": "github",
          "url": "https://github.com/sponsors/fb55"
        }
      ]
    },
    "node_modules/domhandler": {
      "version": "4.3.0",
      "resolved": "https://registry.npmjs.org/domhandler/-/domhandler-4.3.0.tgz",
      "integrity": "sha512-fC0aXNQXqKSFTr2wDNZDhsEYjCiYsDWl3D01kwt25hm1YIPyDGHvvi3rw+PLqHAl/m71MaiF7d5zvBr0p5UB2g==",
      "dependencies": {
        "domelementtype": "^2.2.0"
      },
      "engines": {
        "node": ">= 4"
      },
      "funding": {
        "url": "https://github.com/fb55/domhandler?sponsor=1"
      }
    },
    "node_modules/domutils": {
      "version": "2.8.0",
      "resolved": "https://registry.npmjs.org/domutils/-/domutils-2.8.0.tgz",
      "integrity": "sha512-w96Cjofp72M5IIhpjgobBimYEfoPjx1Vx0BSX9P30WBdZW2WIKU0T1Bd0kz2eNZ9ikjKgHbEyKx8BB6H1L3h3A==",
      "dependencies": {
        "dom-serializer": "^1.0.1",
        "domelementtype": "^2.2.0",
        "domhandler": "^4.2.0"
      },
      "funding": {
        "url": "https://github.com/fb55/domutils?sponsor=1"
      }
    },
    "node_modules/entities": {
      "version": "2.2.0",
      "resolved": "https://registry.npmjs.org/entities/-/entities-2.2.0.tgz",
      "integrity": "sha512-p92if5Nz619I0w+akJrLZH0MX0Pb5DX39XOwQTtXSdQQOaYH03S1uIQp4mhOZtAXrxq4ViO67YTiLBo2638o9A==",
      "funding": {
        "url": "https://github.com/fb55/entities?sponsor=1"
      }
    },
    "node_modules/fs.realpath": {
      "version": "1.0.0",
      "resolved": "https://registry.npmjs.org/fs.realpath/-/fs.realpath-1.0.0.tgz",
      "integrity": "sha1-FQStJSMVjKpA20onh8sBQRmU6k8=",
      "peer": true
    },
    "node_modules/glob": {
      "version": "7.1.3",
      "resolved": "https://registry.npmjs.org/glob/-/glob-7.1.3.tgz",
      "integrity": "sha512-vcfuiIxogLV4DlGBHIUOwI0IbrJ8HWPc4MU7HzviGeNho/UJDfi6B5p3sHeWIQ0KGIU0Jpxi5ZHxemQfLkkAwQ==",
      "peer": true,
      "dependencies": {
        "fs.realpath": "^1.0.0",
        "inflight": "^1.0.4",
        "inherits": "2",
        "minimatch": "^3.0.4",
        "once": "^1.3.0",
        "path-is-absolute": "^1.0.0"
      },
      "engines": {
        "node": "*"
      }
    },
    "node_modules/html-entities": {
      "version": "2.3.2",
      "resolved": "https://registry.npmjs.org/html-entities/-/html-entities-2.3.2.tgz",
      "integrity": "sha512-c3Ab/url5ksaT0WyleslpBEthOzWhrjQbg75y7XUsfSzi3Dgzt0l8w5e7DylRn15MTlMMD58dTfzddNS2kcAjQ=="
    },
    "node_modules/htmlparser2": {
      "version": "6.1.0",
      "resolved": "https://registry.npmjs.org/htmlparser2/-/htmlparser2-6.1.0.tgz",
      "integrity": "sha512-gyyPk6rgonLFEDGoeRgQNaEUvdJ4ktTmmUh/h2t7s+M8oPpIPxgNACWa+6ESR57kXstwqPiCut0V8NRpcwgU7A==",
      "funding": [
        "https://github.com/fb55/htmlparser2?sponsor=1",
        {
          "type": "github",
          "url": "https://github.com/sponsors/fb55"
        }
      ],
      "dependencies": {
        "domelementtype": "^2.0.1",
        "domhandler": "^4.0.0",
        "domutils": "^2.5.2",
        "entities": "^2.0.0"
      }
    },
    "node_modules/inflight": {
      "version": "1.0.6",
      "resolved": "https://registry.npmjs.org/inflight/-/inflight-1.0.6.tgz",
      "integrity": "sha1-Sb1jMdfQLQwJvJEKEHW6gWW1bfk=",
      "peer": true,
      "dependencies": {
        "once": "^1.3.0",
        "wrappy": "1"
      }
    },
    "node_modules/inherits": {
      "version": "2.0.4",
      "resolved": "https://registry.npmjs.org/inherits/-/inherits-2.0.4.tgz",
      "integrity": "sha512-k/vGaX4/Yla3WzyMCvTQOXYeIHvqOKtnqBduzTHpzpQZzAskKMhZ2K+EnBiSM9zGSoIFeMpXKxa4dYeZIQqewQ==",
      "peer": true
    },
    "node_modules/json5": {
      "version": "2.2.0",
      "resolved": "https://registry.npmjs.org/json5/-/json5-2.2.0.tgz",
      "integrity": "sha512-f+8cldu7X/y7RAJurMEJmdoKXGB/X550w2Nr3tTbezL6RwEE/iMcm+tZnXeoZtKuOq6ft8+CqzEkrIgx1fPoQA==",
      "dependencies": {
        "minimist": "^1.2.5"
      },
      "bin": {
        "json5": "lib/cli.js"
      },
      "engines": {
        "node": ">=6"
      }
    },
    "node_modules/lunr": {
      "version": "2.3.8",
      "resolved": "https://registry.npmjs.org/lunr/-/lunr-2.3.8.tgz",
      "integrity": "sha512-oxMeX/Y35PNFuZoHp+jUj5OSEmLCaIH4KTFJh7a93cHBoFmpw2IoPs22VIz7vyO2YUnx2Tn9dzIwO2P/4quIRg=="
    },
    "node_modules/lunr-languages": {
      "version": "1.9.0",
      "resolved": "https://registry.npmjs.org/lunr-languages/-/lunr-languages-1.9.0.tgz",
      "integrity": "sha512-Be5vFuc8NAheOIjviCRms3ZqFFBlzns3u9DXpPSZvALetgnydAN0poV71pVLFn0keYy/s4VblMMkqewTLe+KPg=="
    },
    "node_modules/minimatch": {
      "version": "3.0.4",
      "resolved": "https://registry.npmjs.org/minimatch/-/minimatch-3.0.4.tgz",
      "integrity": "sha512-yJHVQEhyqPLUTgt9B83PXu6W3rx4MvvHvSUvToogpwoGDOUQ+yDrR0HRot+yOCdCO7u4hX3pWft6kWBBcqh0UA==",
      "peer": true,
      "dependencies": {
        "brace-expansion": "^1.1.7"
      },
      "engines": {
        "node": "*"
      }
    },
    "node_modules/minimist": {
      "version": "1.2.5",
      "resolved": "https://registry.npmjs.org/minimist/-/minimist-1.2.5.tgz",
      "integrity": "sha512-FM9nNUYrRBAELZQT3xeZQ7fmMOBg6nWNmJKTcgsJeaLstP/UODVpGsr5OhXhhXg6f+qtJ8uiZ+PUxkDWcgIXLw=="
    },
    "node_modules/mkdirp": {
      "version": "1.0.4",
      "resolved": "https://registry.npmjs.org/mkdirp/-/mkdirp-1.0.4.tgz",
      "integrity": "sha512-vVqVZQyf3WLx2Shd0qJ9xuvqgAyKPLAiqITEtqW0oIUjzo3PePDd6fW9iFz30ef7Ysp/oiWqbhszeGWW2T6Gzw==",
      "bin": {
        "mkdirp": "bin/cmd.js"
      },
      "engines": {
        "node": ">=10"
      }
    },
    "node_modules/nth-check": {
      "version": "2.0.1",
      "resolved": "https://registry.npmjs.org/nth-check/-/nth-check-2.0.1.tgz",
      "integrity": "sha512-it1vE95zF6dTT9lBsYbxvqh0Soy4SPowchj0UBGj/V6cTPnXXtQOPUbhZ6CmGzAD/rW22LQK6E96pcdJXk4A4w==",
      "dependencies": {
        "boolbase": "^1.0.0"
      },
      "funding": {
        "url": "https://github.com/fb55/nth-check?sponsor=1"
      }
    },
    "node_modules/once": {
      "version": "1.4.0",
      "resolved": "https://registry.npmjs.org/once/-/once-1.4.0.tgz",
      "integrity": "sha1-WDsap3WWHUsROsF9nFC6753Xa9E=",
      "peer": true,
      "dependencies": {
        "wrappy": "1"
      }
    },
    "node_modules/pako": {
      "version": "2.0.4",
      "resolved": "https://registry.npmjs.org/pako/-/pako-2.0.4.tgz",
      "integrity": "sha512-v8tweI900AUkZN6heMU/4Uy4cXRc2AYNRggVmTR+dEncawDJgCdLMximOVA2p4qO57WMynangsfGRb5WD6L1Bg=="
    },
    "node_modules/parse5": {
      "version": "6.0.1",
      "resolved": "https://registry.npmjs.org/parse5/-/parse5-6.0.1.tgz",
      "integrity": "sha512-Ofn/CTFzRGTTxwpNEs9PP93gXShHcTq255nzRYSKe8AkVpZY7e1fpmTfOyoIvjP5HG7Z2ZM7VS9PPhQGW2pOpw=="
    },
    "node_modules/parse5-htmlparser2-tree-adapter": {
      "version": "6.0.1",
      "resolved": "https://registry.npmjs.org/parse5-htmlparser2-tree-adapter/-/parse5-htmlparser2-tree-adapter-6.0.1.tgz",
      "integrity": "sha512-qPuWvbLgvDGilKc5BoicRovlT4MtYT6JfJyBOMDsKoiT+GiuP5qyrPCnR9HcPECIJJmZh5jRndyNThnhhb/vlA==",
      "dependencies": {
        "parse5": "^6.0.1"
      }
    },
    "node_modules/path-is-absolute": {
      "version": "1.0.1",
      "resolved": "https://registry.npmjs.org/path-is-absolute/-/path-is-absolute-1.0.1.tgz",
      "integrity": "sha1-F0uSaHNVNP+8es5r9TpanhtcX18=",
      "peer": true,
      "engines": {
        "node": ">=0.10.0"
      }
    },
    "node_modules/rusha": {
      "version": "0.8.14",
      "resolved": "https://registry.npmjs.org/rusha/-/rusha-0.8.14.tgz",
      "integrity": "sha512-cLgakCUf6PedEu15t8kbsjnwIFFR2D4RfL+W3iWFJ4iac7z4B0ZI8fxy4R3J956kAI68HclCFGL8MPoUVC3qVA=="
    },
    "node_modules/tslib": {
      "version": "2.3.1",
      "resolved": "https://registry.npmjs.org/tslib/-/tslib-2.3.1.tgz",
      "integrity": "sha512-77EbyPPpMz+FRFRuAFlWMtmgUWGe9UOG2Z25NqCwiIjRhOf5iKGuzSe5P2w1laq+FkRy4p+PCuVkJSGkzTEKVw=="
    },
    "node_modules/unxhr": {
      "version": "1.0.1",
      "resolved": "https://registry.npmjs.org/unxhr/-/unxhr-1.0.1.tgz",
      "integrity": "sha512-MAhukhVHyaLGDjyDYhy8gVjWJyhTECCdNsLwlMoGFoNJ3o79fpQhtQuzmAE4IxCMDwraF4cW8ZjpAV0m9CRQbg==",
      "peer": true,
      "engines": {
        "node": ">=8.11"
      }
    },
    "node_modules/wrappy": {
      "version": "1.0.2",
      "resolved": "https://registry.npmjs.org/wrappy/-/wrappy-1.0.2.tgz",
      "integrity": "sha1-tSQ9jz7BqjXxNkYFvA0QNuMKtp8=",
      "peer": true
    }
  },
  "dependencies": {
    "@antora/lunr-extension": {
      "version": "git+ssh://git@gitlab.com/antora/antora-lunr-extension.git#ac2ac06af5a62fec5c9cf6cde81748482d58bb95",
      "from": "@antora/lunr-extension@gitlab:antora/antora-lunr-extension",
      "requires": {
        "cheerio": "1.0.0-rc.10",
        "html-entities": "~2.3",
        "lunr": "2.3.8",
        "lunr-languages": "~1.9"
      }
    },
    "@asciidoctor/core": {
      "version": "2.2.5",
      "resolved": "https://registry.npmjs.org/@asciidoctor/core/-/core-2.2.5.tgz",
      "integrity": "sha512-jtQPQ5EivgFbwvSyGKas4ANnMGGHPbmu791H9xrZKooA65JNI30jM2em5MvUXTTetSPgb6saUf+PJibEuSB6uw==",
      "peer": true,
      "requires": {
        "asciidoctor-opal-runtime": "0.3.3",
        "unxhr": "1.0.1"
      }
    },
    "asciidoctor-kroki": {
      "version": "0.14.0",
      "resolved": "https://registry.npmjs.org/asciidoctor-kroki/-/asciidoctor-kroki-0.14.0.tgz",
      "integrity": "sha512-rdFCPgGMBAROIpqUxgBi65AvWMKapZksp+W8aeOgZJrgT9FGQk3iECZJV9hzSmPajN8y1XT1jbJSfd5r/nBD2A==",
      "requires": {
        "json5": "^2.1.3",
        "mkdirp": "^1.0.4",
        "pako": "^2.0.3",
        "rusha": "^0.8.13",
        "unxhr": "1.2.0"
      },
      "dependencies": {
        "unxhr": {
          "version": "1.2.0",
          "resolved": "https://registry.npmjs.org/unxhr/-/unxhr-1.2.0.tgz",
          "integrity": "sha512-6cGpm8NFXPD9QbSNx0cD2giy7teZ6xOkCUH3U89WKVkL9N9rBrWjlCwhR94Re18ZlAop4MOc3WU1M3Hv/bgpIw=="
        }
      }
    },
    "asciidoctor-opal-runtime": {
      "version": "0.3.3",
      "resolved": "https://registry.npmjs.org/asciidoctor-opal-runtime/-/asciidoctor-opal-runtime-0.3.3.tgz",
      "integrity": "sha512-/CEVNiOia8E5BMO9FLooo+Kv18K4+4JBFRJp8vUy/N5dMRAg+fRNV4HA+o6aoSC79jVU/aT5XvUpxSxSsTS8FQ==",
      "peer": true,
      "requires": {
        "glob": "7.1.3",
        "unxhr": "1.0.1"
      }
    },
    "balanced-match": {
      "version": "1.0.2",
      "resolved": "https://registry.npmjs.org/balanced-match/-/balanced-match-1.0.2.tgz",
      "integrity": "sha512-3oSeUO0TMV67hN1AmbXsK4yaqU7tjiHlbxRDZOpH0KW9+CeX4bRAaX0Anxt0tx2MrpRpWwQaPwIlISEJhYU5Pw==",
      "peer": true
    },
    "boolbase": {
      "version": "1.0.0",
      "resolved": "https://registry.npmjs.org/boolbase/-/boolbase-1.0.0.tgz",
      "integrity": "sha1-aN/1++YMUes3cl6p4+0xDcwed24="
    },
    "brace-expansion": {
      "version": "1.1.11",
      "resolved": "https://registry.npmjs.org/brace-expansion/-/brace-expansion-1.1.11.tgz",
      "integrity": "sha512-iCuPHDFgrHX7H2vEI/5xpz07zSHB00TpugqhmYtVmMO6518mCuRMoOYFldEBl0g187ufozdaHgWKcYFb61qGiA==",
      "peer": true,
      "requires": {
        "balanced-match": "^1.0.0",
        "concat-map": "0.0.1"
      }
    },
    "cheerio": {
      "version": "1.0.0-rc.10",
      "resolved": "https://registry.npmjs.org/cheerio/-/cheerio-1.0.0-rc.10.tgz",
      "integrity": "sha512-g0J0q/O6mW8z5zxQ3A8E8J1hUgp4SMOvEoW/x84OwyHKe/Zccz83PVT4y5Crcr530FV6NgmKI1qvGTKVl9XXVw==",
      "requires": {
        "cheerio-select": "^1.5.0",
        "dom-serializer": "^1.3.2",
        "domhandler": "^4.2.0",
        "htmlparser2": "^6.1.0",
        "parse5": "^6.0.1",
        "parse5-htmlparser2-tree-adapter": "^6.0.1",
        "tslib": "^2.2.0"
      }
    },
    "cheerio-select": {
      "version": "1.5.0",
      "resolved": "https://registry.npmjs.org/cheerio-select/-/cheerio-select-1.5.0.tgz",
      "integrity": "sha512-qocaHPv5ypefh6YNxvnbABM07KMxExbtbfuJoIie3iZXX1ERwYmJcIiRrr9H05ucQP1k28dav8rpdDgjQd8drg==",
      "requires": {
        "css-select": "^4.1.3",
        "css-what": "^5.0.1",
        "domelementtype": "^2.2.0",
        "domhandler": "^4.2.0",
        "domutils": "^2.7.0"
      }
    },
    "concat-map": {
      "version": "0.0.1",
      "resolved": "https://registry.npmjs.org/concat-map/-/concat-map-0.0.1.tgz",
      "integrity": "sha1-2Klr13/Wjfd5OnMDajug1UBdR3s=",
      "peer": true
    },
    "css-select": {
      "version": "4.1.3",
      "resolved": "https://registry.npmjs.org/css-select/-/css-select-4.1.3.tgz",
      "integrity": "sha512-gT3wBNd9Nj49rAbmtFHj1cljIAOLYSX1nZ8CB7TBO3INYckygm5B7LISU/szY//YmdiSLbJvDLOx9VnMVpMBxA==",
      "requires": {
        "boolbase": "^1.0.0",
        "css-what": "^5.0.0",
        "domhandler": "^4.2.0",
        "domutils": "^2.6.0",
        "nth-check": "^2.0.0"
      }
    },
    "css-what": {
      "version": "5.1.0",
      "resolved": "https://registry.npmjs.org/css-what/-/css-what-5.1.0.tgz",
      "integrity": "sha512-arSMRWIIFY0hV8pIxZMEfmMI47Wj3R/aWpZDDxWYCPEiOMv6tfOrnpDtgxBYPEQD4V0Y/958+1TdC3iWTFcUPw=="
    },
    "dom-serializer": {
      "version": "1.3.2",
      "resolved": "https://registry.npmjs.org/dom-serializer/-/dom-serializer-1.3.2.tgz",
      "integrity": "sha512-5c54Bk5Dw4qAxNOI1pFEizPSjVsx5+bpJKmL2kPn8JhBUq2q09tTCa3mjijun2NfK78NMouDYNMBkOrPZiS+ig==",
      "requires": {
        "domelementtype": "^2.0.1",
        "domhandler": "^4.2.0",
        "entities": "^2.0.0"
      }
    },
    "domelementtype": {
      "version": "2.2.0",
      "resolved": "https://registry.npmjs.org/domelementtype/-/domelementtype-2.2.0.tgz",
      "integrity": "sha512-DtBMo82pv1dFtUmHyr48beiuq792Sxohr+8Hm9zoxklYPfa6n0Z3Byjj2IV7bmr2IyqClnqEQhfgHJJ5QF0R5A=="
    },
    "domhandler": {
      "version": "4.3.0",
      "resolved": "https://registry.npmjs.org/domhandler/-/domhandler-4.3.0.tgz",
      "integrity": "sha512-fC0aXNQXqKSFTr2wDNZDhsEYjCiYsDWl3D01kwt25hm1YIPyDGHvvi3rw+PLqHAl/m71MaiF7d5zvBr0p5UB2g==",
      "requires": {
        "domelementtype": "^2.2.0"
      }
    },
    "domutils": {
      "version": "2.8.0",
      "resolved": "https://registry.npmjs.org/domutils/-/domutils-2.8.0.tgz",
      "integrity": "sha512-w96Cjofp72M5IIhpjgobBimYEfoPjx1Vx0BSX9P30WBdZW2WIKU0T1Bd0kz2eNZ9ikjKgHbEyKx8BB6H1L3h3A==",
      "requires": {
        "dom-serializer": "^1.0.1",
        "domelementtype": "^2.2.0",
        "domhandler": "^4.2.0"
      }
    },
    "entities": {
      "version": "2.2.0",
      "resolved": "https://registry.npmjs.org/entities/-/entities-2.2.0.tgz",
      "integrity": "sha512-p92if5Nz619I0w+akJrLZH0MX0Pb5DX39XOwQTtXSdQQOaYH03S1uIQp4mhOZtAXrxq4ViO67YTiLBo2638o9A=="
    },
    "fs.realpath": {
      "version": "1.0.0",
      "resolved": "https://registry.npmjs.org/fs.realpath/-/fs.realpath-1.0.0.tgz",
      "integrity": "sha1-FQStJSMVjKpA20onh8sBQRmU6k8=",
      "peer": true
    },
    "glob": {
      "version": "7.1.3",
      "resolved": "https://registry.npmjs.org/glob/-/glob-7.1.3.tgz",
      "integrity": "sha512-vcfuiIxogLV4DlGBHIUOwI0IbrJ8HWPc4MU7HzviGeNho/UJDfi6B5p3sHeWIQ0KGIU0Jpxi5ZHxemQfLkkAwQ==",
      "peer": true,
      "requires": {
        "fs.realpath": "^1.0.0",
        "inflight": "^1.0.4",
        "inherits": "2",
        "minimatch": "^3.0.4",
        "once": "^1.3.0",
        "path-is-absolute": "^1.0.0"
      }
    },
    "html-entities": {
      "version": "2.3.2",
      "resolved": "https://registry.npmjs.org/html-entities/-/html-entities-2.3.2.tgz",
      "integrity": "sha512-c3Ab/url5ksaT0WyleslpBEthOzWhrjQbg75y7XUsfSzi3Dgzt0l8w5e7DylRn15MTlMMD58dTfzddNS2kcAjQ=="
    },
    "htmlparser2": {
      "version": "6.1.0",
      "resolved": "https://registry.npmjs.org/htmlparser2/-/htmlparser2-6.1.0.tgz",
      "integrity": "sha512-gyyPk6rgonLFEDGoeRgQNaEUvdJ4ktTmmUh/h2t7s+M8oPpIPxgNACWa+6ESR57kXstwqPiCut0V8NRpcwgU7A==",
      "requires": {
        "domelementtype": "^2.0.1",
        "domhandler": "^4.0.0",
        "domutils": "^2.5.2",
        "entities": "^2.0.0"
      }
    },
    "inflight": {
      "version": "1.0.6",
      "resolved": "https://registry.npmjs.org/inflight/-/inflight-1.0.6.tgz",
      "integrity": "sha1-Sb1jMdfQLQwJvJEKEHW6gWW1bfk=",
      "peer": true,
      "requires": {
        "once": "^1.3.0",
        "wrappy": "1"
      }
    },
    "inherits": {
      "version": "2.0.4",
      "resolved": "https://registry.npmjs.org/inherits/-/inherits-2.0.4.tgz",
      "integrity": "sha512-k/vGaX4/Yla3WzyMCvTQOXYeIHvqOKtnqBduzTHpzpQZzAskKMhZ2K+EnBiSM9zGSoIFeMpXKxa4dYeZIQqewQ==",
      "peer": true
    },
    "json5": {
      "version": "2.2.0",
      "resolved": "https://registry.npmjs.org/json5/-/json5-2.2.0.tgz",
      "integrity": "sha512-f+8cldu7X/y7RAJurMEJmdoKXGB/X550w2Nr3tTbezL6RwEE/iMcm+tZnXeoZtKuOq6ft8+CqzEkrIgx1fPoQA==",
      "requires": {
        "minimist": "^1.2.5"
      }
    },
    "lunr": {
      "version": "2.3.8",
      "resolved": "https://registry.npmjs.org/lunr/-/lunr-2.3.8.tgz",
      "integrity": "sha512-oxMeX/Y35PNFuZoHp+jUj5OSEmLCaIH4KTFJh7a93cHBoFmpw2IoPs22VIz7vyO2YUnx2Tn9dzIwO2P/4quIRg=="
    },
    "lunr-languages": {
      "version": "1.9.0",
      "resolved": "https://registry.npmjs.org/lunr-languages/-/lunr-languages-1.9.0.tgz",
      "integrity": "sha512-Be5vFuc8NAheOIjviCRms3ZqFFBlzns3u9DXpPSZvALetgnydAN0poV71pVLFn0keYy/s4VblMMkqewTLe+KPg=="
    },
    "minimatch": {
      "version": "3.0.4",
      "resolved": "https://registry.npmjs.org/minimatch/-/minimatch-3.0.4.tgz",
      "integrity": "sha512-yJHVQEhyqPLUTgt9B83PXu6W3rx4MvvHvSUvToogpwoGDOUQ+yDrR0HRot+yOCdCO7u4hX3pWft6kWBBcqh0UA==",
      "peer": true,
      "requires": {
        "brace-expansion": "^1.1.7"
      }
    },
    "minimist": {
      "version": "1.2.5",
      "resolved": "https://registry.npmjs.org/minimist/-/minimist-1.2.5.tgz",
      "integrity": "sha512-FM9nNUYrRBAELZQT3xeZQ7fmMOBg6nWNmJKTcgsJeaLstP/UODVpGsr5OhXhhXg6f+qtJ8uiZ+PUxkDWcgIXLw=="
    },
    "mkdirp": {
      "version": "1.0.4",
      "resolved": "https://registry.npmjs.org/mkdirp/-/mkdirp-1.0.4.tgz",
      "integrity": "sha512-vVqVZQyf3WLx2Shd0qJ9xuvqgAyKPLAiqITEtqW0oIUjzo3PePDd6fW9iFz30ef7Ysp/oiWqbhszeGWW2T6Gzw=="
    },
    "nth-check": {
      "version": "2.0.1",
      "resolved": "https://registry.npmjs.org/nth-check/-/nth-check-2.0.1.tgz",
      "integrity": "sha512-it1vE95zF6dTT9lBsYbxvqh0Soy4SPowchj0UBGj/V6cTPnXXtQOPUbhZ6CmGzAD/rW22LQK6E96pcdJXk4A4w==",
      "requires": {
        "boolbase": "^1.0.0"
      }
    },
    "once": {
      "version": "1.4.0",
      "resolved": "https://registry.npmjs.org/once/-/once-1.4.0.tgz",
      "integrity": "sha1-WDsap3WWHUsROsF9nFC6753Xa9E=",
      "peer": true,
      "requires": {
        "wrappy": "1"
      }
    },
    "pako": {
      "version": "2.0.4",
      "resolved": "https://registry.npmjs.org/pako/-/pako-2.0.4.tgz",
      "integrity": "sha512-v8tweI900AUkZN6heMU/4Uy4cXRc2AYNRggVmTR+dEncawDJgCdLMximOVA2p4qO57WMynangsfGRb5WD6L1Bg=="
    },
    "parse5": {
      "version": "6.0.1",
      "resolved": "https://registry.npmjs.org/parse5/-/parse5-6.0.1.tgz",
      "integrity": "sha512-Ofn/CTFzRGTTxwpNEs9PP93gXShHcTq255nzRYSKe8AkVpZY7e1fpmTfOyoIvjP5HG7Z2ZM7VS9PPhQGW2pOpw=="
    },
    "parse5-htmlparser2-tree-adapter": {
      "version": "6.0.1",
      "resolved": "https://registry.npmjs.org/parse5-htmlparser2-tree-adapter/-/parse5-htmlparser2-tree-adapter-6.0.1.tgz",
      "integrity": "sha512-qPuWvbLgvDGilKc5BoicRovlT4MtYT6JfJyBOMDsKoiT+GiuP5qyrPCnR9HcPECIJJmZh5jRndyNThnhhb/vlA==",
      "requires": {
        "parse5": "^6.0.1"
      }
    },
    "path-is-absolute": {
      "version": "1.0.1",
      "resolved": "https://registry.npmjs.org/path-is-absolute/-/path-is-absolute-1.0.1.tgz",
      "integrity": "sha1-F0uSaHNVNP+8es5r9TpanhtcX18=",
      "peer": true
    },
    "rusha": {
      "version": "0.8.14",
      "resolved": "https://registry.npmjs.org/rusha/-/rusha-0.8.14.tgz",
      "integrity": "sha512-cLgakCUf6PedEu15t8kbsjnwIFFR2D4RfL+W3iWFJ4iac7z4B0ZI8fxy4R3J956kAI68HclCFGL8MPoUVC3qVA=="
    },
    "tslib": {
      "version": "2.3.1",
      "resolved": "https://registry.npmjs.org/tslib/-/tslib-2.3.1.tgz",
      "integrity": "sha512-77EbyPPpMz+FRFRuAFlWMtmgUWGe9UOG2Z25NqCwiIjRhOf5iKGuzSe5P2w1laq+FkRy4p+PCuVkJSGkzTEKVw=="
    },
    "unxhr": {
      "version": "1.0.1",
      "resolved": "https://registry.npmjs.org/unxhr/-/unxhr-1.0.1.tgz",
      "integrity": "sha512-MAhukhVHyaLGDjyDYhy8gVjWJyhTECCdNsLwlMoGFoNJ3o79fpQhtQuzmAE4IxCMDwraF4cW8ZjpAV0m9CRQbg==",
      "peer": true
    },
    "wrappy": {
      "version": "1.0.2",
      "resolved": "https://registry.npmjs.org/wrappy/-/wrappy-1.0.2.tgz",
      "integrity": "sha1-tSQ9jz7BqjXxNkYFvA0QNuMKtp8=",
      "peer": true
    }
  }
}
